{
  "name": "plasma",
  "version": "1.0.0",
  "lockfileVersion": 3,
  "requires": true,
  "packages": {
    "": {
      "name": "plasma",
      "version": "1.0.0",
      "license": "MIT",
      "dependencies": {
        "drcircuitscanvaslibrary": "^1.0.7"
      }
    },
    "node_modules/drcircuitscanvaslibrary": {
      "version": "1.5.2",
      "resolved": "https://registry.npmjs.org/drcircuitscanvaslibrary/-/drcircuitscanvaslibrary-1.5.2.tgz",
      "integrity": "sha512-DuJq2OIXnQq/gONMeEKLE+Hi41rQPQx66kLa8rru44E1ItL/ll6NInIuM53+R7jNAaEqZLDcVYbXuumPdmDwkg==",
      "license": "MIT"
    }
  }
}
